{"version":4,"terraform_version":"1.8.3","serial":7,"lineage":"4f158cf7-a7aa-adae-4857-8bc7779bbf08","outputs":{"server_public_ip":{"value":"18.189.186.66","type":"string"}},"resources":[{"mode":"managed","type":"aws_key_pair","name":"ssh_key","provider":"provider[\"registry.opentofu.org/hashicorp/aws\"]","instances":[{"schema_version":1,"attributes":{"arn":"arn:aws:ec2:us-east-2:730378526672:key-pair/server-ssh-key","fingerprint":"b0JM460JKgyKbJNqMO2yVeWmE0s9edkSyzKLxLP+FoI=","id":"server-ssh-key","key_name":"server-ssh-key","key_name_prefix":"","key_pair_id":"key-0911e3d61757ccffd","key_type":"ed25519","public_key":"ssh-ed25519 AAAAC3NzaC1lZDI1NTE5AAAAIDgmU/hV2ktIbJn9ibnvD24w7uFWGG5miyr1IjNyK28b charly@yogarch","tags":{},"tags_all":{"project":"jenkins-test"}},"sensitive_attributes":[],"private":"eyJzY2hlbWFfdmVyc2lvbiI6IjEifQ=="}]},{"mode":"managed","type":"aws_security_group","name":"allow_web_access","provider":"provider[\"registry.opentofu.org/hashicorp/aws\"]","instances":[{"schema_version":1,"attributes":{"arn":"arn:aws:ec2:us-east-2:730378526672:security-group/sg-00ae23438905309bb","description":"Managed by Terraform","egress":[{"cidr_blocks":["0.0.0.0/0"],"description":"","from_port":0,"ipv6_cidr_blocks":[],"prefix_list_ids":[],"protocol":"-1","security_groups":[],"self":false,"to_port":0}],"id":"sg-00ae23438905309bb","ingress":[{"cidr_blocks":["0.0.0.0/0"],"description":"","from_port":22,"ipv6_cidr_blocks":[],"prefix_list_ids":[],"protocol":"tcp","security_groups":[],"self":false,"to_port":22},{"cidr_blocks":["0.0.0.0/0"],"description":"","from_port":80,"ipv6_cidr_blocks":[],"prefix_list_ids":[],"protocol":"tcp","security_groups":[],"self":false,"to_port":80}],"name":"allow_web_access","name_prefix":"","owner_id":"730378526672","revoke_rules_on_delete":false,"tags":{},"tags_all":{"project":"jenkins-test"},"timeouts":null,"vpc_id":"vpc-09b6f303bbcc9ba28"},"sensitive_attributes":[],"private":"eyJlMmJmYjczMC1lY2FhLTExZTYtOGY4OC0zNDM2M2JjN2M0YzAiOnsiY3JlYXRlIjo2MDAwMDAwMDAwMDAsImRlbGV0ZSI6OTAwMDAwMDAwMDAwfSwic2NoZW1hX3ZlcnNpb24iOiIxIn0="}]},{"mode":"managed","type":"aws_vpc","name":"default_vpc","provider":"provider[\"registry.opentofu.org/hashicorp/aws\"]","instances":[{"schema_version":1,"attributes":{"arn":"arn:aws:ec2:us-east-2:730378526672:vpc/vpc-09b6f303bbcc9ba28","assign_generated_ipv6_cidr_block":false,"cidr_block":"172.31.0.0/16","default_network_acl_id":"acl-031fe5fbdc59702bd","default_route_table_id":"rtb-06546e7fe5b4b0df0","default_security_group_id":"sg-0418f245190648ef4","dhcp_options_id":"dopt-05a1afdca03a30277","enable_classiclink":false,"enable_classiclink_dns_support":false,"enable_dns_hostnames":true,"enable_dns_support":true,"enable_network_address_usage_metrics":false,"id":"vpc-09b6f303bbcc9ba28","instance_tenancy":"default","ipv4_ipam_pool_id":null,"ipv4_netmask_length":null,"ipv6_association_id":"","ipv6_cidr_block":"","ipv6_cidr_block_network_border_group":"","ipv6_ipam_pool_id":"","ipv6_netmask_length":0,"main_route_table_id":"rtb-06546e7fe5b4b0df0","owner_id":"730378526672","tags":{},"tags_all":{"project":"jenkins-test"}},"sensitive_attributes":[],"private":"eyJzY2hlbWFfdmVyc2lvbiI6IjEifQ=="}]}],"check_results":null}
