{"version":4,"terraform_version":"1.8.3","serial":6,"lineage":"4f158cf7-a7aa-adae-4857-8bc7779bbf08","outputs":{"server_public_ip":{"value":"18.189.186.66","type":"string"}},"resources":[{"mode":"managed","type":"aws_instance","name":"server","provider":"provider[\"registry.opentofu.org/hashicorp/aws\"]","instances":[{"schema_version":1,"attributes":{"ami":"ami-09da212cf18033880","arn":"arn:aws:ec2:us-east-2:730378526672:instance/i-00ae9ec680e71f0bf","associate_public_ip_address":true,"availability_zone":"us-east-2a","capacity_reservation_specification":[{"capacity_reservation_preference":"open","capacity_reservation_target":[]}],"cpu_core_count":1,"cpu_options":[{"amd_sev_snp":"","core_count":1,"threads_per_core":1}],"cpu_threads_per_core":1,"credit_specification":[{"cpu_credits":"standard"}],"disable_api_stop":false,"disable_api_termination":false,"ebs_block_device":[],"ebs_optimized":false,"enclave_options":[{"enabled":false}],"ephemeral_block_device":[],"get_password_data":false,"hibernation":false,"host_id":"","host_resource_group_arn":null,"iam_instance_profile":"","id":"i-00ae9ec680e71f0bf","instance_initiated_shutdown_behavior":"stop","instance_state":"running","instance_type":"t2.micro","ipv6_address_count":0,"ipv6_addresses":[],"key_name":"server-ssh-key","launch_template":[],"maintenance_options":[{"auto_recovery":"default"}],"metadata_options":[{"http_endpoint":"enabled","http_put_response_hop_limit":2,"http_tokens":"required","instance_metadata_tags":"disabled"}],"monitoring":false,"network_interface":[],"outpost_arn":"","password_data":"","placement_group":"","placement_partition_number":0,"primary_network_interface_id":"eni-0105dacec948b3174","private_dns":"ip-172-31-13-97.us-east-2.compute.internal","private_dns_name_options":[{"enable_resource_name_dns_a_record":false,"enable_resource_name_dns_aaaa_record":false,"hostname_type":"ip-name"}],"private_ip":"172.31.13.97","public_dns":"ec2-18-189-186-66.us-east-2.compute.amazonaws.com","public_ip":"18.189.186.66","root_block_device":[{"delete_on_termination":true,"device_name":"/dev/xvda","encrypted":false,"iops":3000,"kms_key_id":"","tags":{},"throughput":125,"volume_id":"vol-0b879577f35d8e9de","volume_size":8,"volume_type":"gp3"}],"secondary_private_ips":[],"security_groups":["allow_web_access"],"source_dest_check":true,"subnet_id":"subnet-0cc606195c895a027","tags":null,"tags_all":{"project":"jenkins-test"},"tenancy":"default","timeouts":null,"user_data":null,"user_data_base64":null,"user_data_replace_on_change":false,"volume_tags":null,"vpc_security_group_ids":["sg-00ae23438905309bb"]},"sensitive_attributes":[],"private":"eyJlMmJmYjczMC1lY2FhLTExZTYtOGY4OC0zNDM2M2JjN2M0YzAiOnsiY3JlYXRlIjo2MDAwMDAwMDAwMDAsImRlbGV0ZSI6MTIwMDAwMDAwMDAwMCwidXBkYXRlIjo2MDAwMDAwMDAwMDB9LCJzY2hlbWFfdmVyc2lvbiI6IjEifQ==","dependencies":["aws_key_pair.ssh_key","aws_security_group.allow_web_access"]}]},{"mode":"managed","type":"aws_key_pair","name":"ssh_key","provider":"provider[\"registry.opentofu.org/hashicorp/aws\"]","instances":[{"schema_version":1,"attributes":{"arn":"arn:aws:ec2:us-east-2:730378526672:key-pair/server-ssh-key","fingerprint":"b0JM460JKgyKbJNqMO2yVeWmE0s9edkSyzKLxLP+FoI=","id":"server-ssh-key","key_name":"server-ssh-key","key_name_prefix":"","key_pair_id":"key-0911e3d61757ccffd","key_type":"ed25519","public_key":"ssh-ed25519 AAAAC3NzaC1lZDI1NTE5AAAAIDgmU/hV2ktIbJn9ibnvD24w7uFWGG5miyr1IjNyK28b charly@yogarch","tags":null,"tags_all":{"project":"jenkins-test"}},"sensitive_attributes":[],"private":"eyJzY2hlbWFfdmVyc2lvbiI6IjEifQ=="}]},{"mode":"managed","type":"aws_security_group","name":"allow_web_access","provider":"provider[\"registry.opentofu.org/hashicorp/aws\"]","instances":[{"schema_version":1,"attributes":{"arn":"arn:aws:ec2:us-east-2:730378526672:security-group/sg-00ae23438905309bb","description":"Managed by Terraform","egress":[{"cidr_blocks":["0.0.0.0/0"],"description":"","from_port":0,"ipv6_cidr_blocks":[],"prefix_list_ids":[],"protocol":"-1","security_groups":[],"self":false,"to_port":0}],"id":"sg-00ae23438905309bb","ingress":[{"cidr_blocks":["0.0.0.0/0"],"description":"","from_port":22,"ipv6_cidr_blocks":[],"prefix_list_ids":[],"protocol":"tcp","security_groups":[],"self":false,"to_port":22},{"cidr_blocks":["0.0.0.0/0"],"description":"","from_port":80,"ipv6_cidr_blocks":[],"prefix_list_ids":[],"protocol":"tcp","security_groups":[],"self":false,"to_port":80}],"name":"allow_web_access","name_prefix":"","owner_id":"730378526672","revoke_rules_on_delete":false,"tags":{},"tags_all":{"project":"jenkins-test"},"timeouts":null,"vpc_id":"vpc-09b6f303bbcc9ba28"},"sensitive_attributes":[],"private":"eyJlMmJmYjczMC1lY2FhLTExZTYtOGY4OC0zNDM2M2JjN2M0YzAiOnsiY3JlYXRlIjo2MDAwMDAwMDAwMDAsImRlbGV0ZSI6OTAwMDAwMDAwMDAwfSwic2NoZW1hX3ZlcnNpb24iOiIxIn0="}]},{"mode":"managed","type":"aws_vpc","name":"default_vpc","provider":"provider[\"registry.opentofu.org/hashicorp/aws\"]","instances":[{"schema_version":1,"attributes":{"arn":"arn:aws:ec2:us-east-2:730378526672:vpc/vpc-09b6f303bbcc9ba28","assign_generated_ipv6_cidr_block":false,"cidr_block":"172.31.0.0/16","default_network_acl_id":"acl-031fe5fbdc59702bd","default_route_table_id":"rtb-06546e7fe5b4b0df0","default_security_group_id":"sg-0418f245190648ef4","dhcp_options_id":"dopt-05a1afdca03a30277","enable_classiclink":false,"enable_classiclink_dns_support":false,"enable_dns_hostnames":true,"enable_dns_support":true,"enable_network_address_usage_metrics":false,"id":"vpc-09b6f303bbcc9ba28","instance_tenancy":"default","ipv4_ipam_pool_id":null,"ipv4_netmask_length":null,"ipv6_association_id":"","ipv6_cidr_block":"","ipv6_cidr_block_network_border_group":"","ipv6_ipam_pool_id":"","ipv6_netmask_length":0,"main_route_table_id":"rtb-06546e7fe5b4b0df0","owner_id":"730378526672","tags":{},"tags_all":{"project":"jenkins-test"}},"sensitive_attributes":[],"private":"eyJzY2hlbWFfdmVyc2lvbiI6IjEifQ=="}]}],"check_results":null}
